// !$*UTF8*$!
{
	archiveVersion = 1;
	classes = {
	};
	objectVersion = 46;
	objects = {

/* Begin PBXBuildFile section */
		716CF7671E32699F00352408 /* AppDelegate.swift in Sources */ = {isa = PBXBuildFile; fileRef = 716CF7661E32699F00352408 /* AppDelegate.swift */; };
		716CF7691E32699F00352408 /* AppViewController.swift in Sources */ = {isa = PBXBuildFile; fileRef = 716CF7681E32699F00352408 /* AppViewController.swift */; };
		716CF76C1E32699F00352408 /* Main.storyboard in Resources */ = {isa = PBXBuildFile; fileRef = 716CF76A1E32699F00352408 /* Main.storyboard */; };
		716CF76E1E32699F00352408 /* Assets.xcassets in Resources */ = {isa = PBXBuildFile; fileRef = 716CF76D1E32699F00352408 /* Assets.xcassets */; };
		716CF7711E32699F00352408 /* LaunchScreen.storyboard in Resources */ = {isa = PBXBuildFile; fileRef = 716CF76F1E32699F00352408 /* LaunchScreen.storyboard */; };
		71946E751E349F2000C02739 /* topicVC.swift in Sources */ = {isa = PBXBuildFile; fileRef = 71946E741E349F2000C02739 /* topicVC.swift */; };
		71B452A81E32790000DD6F10 /* colvwCell.swift in Sources */ = {isa = PBXBuildFile; fileRef = 71B452A71E32790000DD6F10 /* colvwCell.swift */; };
		71EA49971E34096400027968 /* asyncRequest.swift in Sources */ = {isa = PBXBuildFile; fileRef = 71EA49961E34096400027968 /* asyncRequest.swift */; };
/* End PBXBuildFile section */

/* Begin PBXFileReference section */
		716CF7631E32699F00352408 /* CVC.app */ = {isa = PBXFileReference; explicitFileType = wrapper.application; includeInIndex = 0; path = CVC.app; sourceTree = BUILT_PRODUCTS_DIR; };
		716CF7661E32699F00352408 /* AppDelegate.swift */ = {isa = PBXFileReference; lastKnownFileType = sourcecode.swift; path = AppDelegate.swift; sourceTree = "<group>"; };
		716CF7681E32699F00352408 /* AppViewController.swift */ = {isa = PBXFileReference; lastKnownFileType = sourcecode.swift; path = AppViewController.swift; sourceTree = "<group>"; };
		716CF76B1E32699F00352408 /* Base */ = {isa = PBXFileReference; lastKnownFileType = file.storyboard; name = Base; path = Base.lproj/Main.storyboard; sourceTree = "<group>"; };
		716CF76D1E32699F00352408 /* Assets.xcassets */ = {isa = PBXFileReference; lastKnownFileType = folder.assetcatalog; path = Assets.xcassets; sourceTree = "<group>"; };
		716CF7701E32699F00352408 /* Base */ = {isa = PBXFileReference; lastKnownFileType = file.storyboard; name = Base; path = Base.lproj/LaunchScreen.storyboard; sourceTree = "<group>"; };
		716CF7721E32699F00352408 /* Info.plist */ = {isa = PBXFileReference; lastKnownFileType = text.plist.xml; path = Info.plist; sourceTree = "<group>"; };
		71946E741E349F2000C02739 /* topicVC.swift */ = {isa = PBXFileReference; fileEncoding = 4; lastKnownFileType = sourcecode.swift; path = topicVC.swift; sourceTree = "<group>"; };
		71B452A71E32790000DD6F10 /* colvwCell.swift */ = {isa = PBXFileReference; fileEncoding = 4; lastKnownFileType = sourcecode.swift; path = colvwCell.swift; sourceTree = "<group>"; };
		71EA49961E34096400027968 /* asyncRequest.swift */ = {isa = PBXFileReference; fileEncoding = 4; lastKnownFileType = sourcecode.swift; path = asyncRequest.swift; sourceTree = "<group>"; };
/* End PBXFileReference section */

/* Begin PBXFrameworksBuildPhase section */
		716CF7601E32699F00352408 /* Frameworks */ = {
			isa = PBXFrameworksBuildPhase;
			buildActionMask = 2147483647;
			files = (
			);
			runOnlyForDeploymentPostprocessing = 0;
		};
/* End PBXFrameworksBuildPhase section */

/* Begin PBXGroup section */
		716CF75A1E32699F00352408 = {
			isa = PBXGroup;
			children = (
				716CF7651E32699F00352408 /* CVC */,
				716CF7641E32699F00352408 /* Products */,
			);
			sourceTree = "<group>";
		};
		716CF7641E32699F00352408 /* Products */ = {
			isa = PBXGroup;
			children = (
				716CF7631E32699F00352408 /* CVC.app */,
			);
			name = Products;
			sourceTree = "<group>";
		};
		716CF7651E32699F00352408 /* CVC */ = {
			isa = PBXGroup;
			children = (
				716CF7661E32699F00352408 /* AppDelegate.swift */,
				716CF7681E32699F00352408 /* AppViewController.swift */,
				716CF76A1E32699F00352408 /* Main.storyboard */,
				71B452A71E32790000DD6F10 /* colvwCell.swift */,
				716CF76D1E32699F00352408 /* Assets.xcassets */,
				716CF76F1E32699F00352408 /* LaunchScreen.storyboard */,
				716CF7721E32699F00352408 /* Info.plist */,
				71EA49961E34096400027968 /* asyncRequest.swift */,
				71946E741E349F2000C02739 /* topicVC.swift */,
			);
			path = CVC;
			sourceTree = "<group>";
		};
/* End PBXGroup section */

/* Begin PBXNativeTarget section */
		716CF7621E32699F00352408 /* CVC */ = {
			isa = PBXNativeTarget;
			buildConfigurationList = 716CF7751E32699F00352408 /* Build configuration list for PBXNativeTarget "CVC" */;
			buildPhases = (
				716CF75F1E32699F00352408 /* Sources */,
				716CF7601E32699F00352408 /* Frameworks */,
				716CF7611E32699F00352408 /* Resources */,
			);
			buildRules = (
			);
			dependencies = (
			);
			name = CVC;
			productName = CVC;
			productReference = 716CF7631E32699F00352408 /* CVC.app */;
			productType = "com.apple.product-type.application";
		};
/* End PBXNativeTarget section */

/* Begin PBXProject section */
		716CF75B1E32699F00352408 /* Project object */ = {
			isa = PBXProject;
			attributes = {
				LastSwiftUpdateCheck = 0820;
				LastUpgradeCheck = 0820;
				ORGANIZATIONNAME = "Vora, Chintan";
				TargetAttributes = {
					716CF7621E32699F00352408 = {
						CreatedOnToolsVersion = 8.2.1;
						DevelopmentTeam = AMXYNX22A7;
						ProvisioningStyle = Automatic;
					};
				};
			};
			buildConfigurationList = 716CF75E1E32699F00352408 /* Build configuration list for PBXProject "CVC" */;
			compatibilityVersion = "Xcode 3.2";
			developmentRegion = English;
			hasScannedForEncodings = 0;
			knownRegions = (
				en,
				Base,
			);
			mainGroup = 716CF75A1E32699F00352408;
			productRefGroup = 716CF7641E32699F00352408 /* Products */;
			projectDirPath = "";
			projectRoot = "";
			targets = (
				716CF7621E32699F00352408 /* CVC */,
			);
		};
/* End PBXProject section */

/* Begin PBXResourcesBuildPhase section */
		716CF7611E32699F00352408 /* Resources */ = {
			isa = PBXResourcesBuildPhase;
			buildActionMask = 2147483647;
			files = (
				716CF7711E32699F00352408 /* LaunchScreen.storyboard in Resources */,
				716CF76E1E32699F00352408 /* Assets.xcassets in Resources */,
				716CF76C1E32699F00352408 /* Main.storyboard in Resources */,
			);
			runOnlyForDeploymentPostprocessing = 0;
		};
/* End PBXResourcesBuildPhase section */

/* Begin PBXSourcesBuildPhase section */
		716CF75F1E32699F00352408 /* Sources */ = {
			isa = PBXSourcesBuildPhase;
			buildActionMask = 2147483647;
			files = (
				71EA49971E34096400027968 /* asyncRequest.swift in Sources */,
				716CF7691E32699F00352408 /* AppViewController.swift in Sources */,
				71946E751E349F2000C02739 /* topicVC.swift in Sources */,
				716CF7671E32699F00352408 /* AppDelegate.swift in Sources */,
				71B452A81E32790000DD6F10 /* colvwCell.swift in Sources */,
			);
			runOnlyForDeploymentPostprocessing = 0;
		};
/* End PBXSourcesBuildPhase section */

/* Begin PBXVariantGroup section */
		716CF76A1E32699F00352408 /* Main.storyboard */ = {
			isa = PBXVariantGroup;
			children = (
				716CF76B1E32699F00352408 /* Base */,
			);
			name = Main.storyboard;
			sourceTree = "<group>";
		};
		716CF76F1E32699F00352408 /* LaunchScreen.storyboard */ = {
			isa = PBXVariantGroup;
			children = (
				716CF7701E32699F00352408 /* Base */,
			);
			name = LaunchScreen.storyboard;
			sourceTree = "<group>";
		};
/* End PBXVariantGroup section */

/* Begin XCBuildConfiguration section */
		716CF7731E32699F00352408 /* Debug */ = {
			isa = XCBuildConfiguration;
			buildSettings = {
				ALWAYS_SEARCH_USER_PATHS = NO;
				CLANG_ANALYZER_NONNULL = YES;
				CLANG_CXX_LANGUAGE_STANDARD = "gnu++0x";
				CLANG_CXX_LIBRARY = "libc++";
				CLANG_ENABLE_MODULES = YES;
				CLANG_ENABLE_OBJC_ARC = YES;
				CLANG_WARN_BOOL_CONVERSION = YES;
				CLANG_WARN_CONSTANT_CONVERSION = YES;
				CLANG_WARN_DIRECT_OBJC_ISA_USAGE = YES_ERROR;
				CLANG_WARN_DOCUMENTATION_COMMENTS = YES;
				CLANG_WARN_EMPTY_BODY = YES;
				CLANG_WARN_ENUM_CONVERSION = YES;
				CLANG_WARN_INFINITE_RECURSION = YES;
				CLANG_WARN_INT_CONVERSION = YES;
				CLANG_WARN_OBJC_ROOT_CLASS = YES_ERROR;
				CLANG_WARN_SUSPICIOUS_MOVE = YES;
				CLANG_WARN_UNREACHABLE_CODE = YES;
				CLANG_WARN__DUPLICATE_METHOD_MATCH = YES;
				"CODE_SIGN_IDENTITY[sdk=iphoneos*]" = "iPhone Developer";
				COPY_PHASE_STRIP = NO;
				DEBUG_INFORMATION_FORMAT = dwarf;
				ENABLE_STRICT_OBJC_MSGSEND = YES;
				ENABLE_TESTABILITY = YES;
				GCC_C_LANGUAGE_STANDARD = gnu99;
				GCC_DYNAMIC_NO_PIC = NO;
				GCC_NO_COMMON_BLOCKS = YES;
				GCC_OPTIMIZATION_LEVEL = 0;
				GCC_PREPROCESSOR_DEFINITIONS = (
					"DEBUG=1",
					"$(inherited)",
				);
				GCC_WARN_64_TO_32_BIT_CONVERSION = YES;
				GCC_WARN_ABOUT_RETURN_TYPE = YES_ERROR;
				GCC_WARN_UNDECLARED_SELECTOR = YES;
				GCC_WARN_UNINITIALIZED_AUTOS = YES_AGGRESSIVE;
				GCC_WARN_UNUSED_FUNCTION = YES;
				GCC_WARN_UNUSED_VARIABLE = YES;
				IPHONEOS_DEPLOYMENT_TARGET = 10.2;
				MTL_ENABLE_DEBUG_INFO = YES;
				ONLY_ACTIVE_ARCH = YES;
				SDKROOT = iphoneos;
				SWIFT_ACTIVE_COMPILATION_CONDITIONS = DEBUG;
				SWIFT_OPTIMIZATION_LEVEL = "-Onone";
				TARGETED_DEVICE_FAMILY = "1,2";
			};
			name = Debug;
		};
		716CF7741E32699F00352408 /* Release */ = {
			isa = XCBuildConfiguration;
			buildSettings = {
				ALWAYS_SEARCH_USER_PATHS = NO;
				CLANG_ANALYZER_NONNULL = YES;
				CLANG_CXX_LANGUAGE_STANDARD = "gnu++0x";
				CLANG_CXX_LIBRARY = "libc++";
				CLANG_ENABLE_MODULES = YES;
				CLANG_ENABLE_OBJC_ARC = YES;
				CLANG_WARN_BOOL_CONVERSION = YES;
				CLANG_WARN_CONSTANT_CONVERSION = YES;
				CLANG_WARN_DIRECT_OBJC_ISA_USAGE = YES_ERROR;
				CLANG_WARN_DOCUMENTATION_COMMENTS = YES;
				CLANG_WARN_EMPTY_BODY = YES;
				CLANG_WARN_ENUM_CONVERSION = YES;
				CLANG_WARN_INFINITE_RECURSION = YES;
				CLANG_WARN_INT_CONVERSION = YES;
				CLANG_WARN_OBJC_ROOT_CLASS = YES_ERROR;
				CLANG_WARN_SUSPICIOUS_MOVE = YES;
				CLANG_WARN_UNREACHABLE_CODE = YES;
				CLANG_WARN__DUPLICATE_METHOD_MATCH = YES;
				"CODE_SIGN_IDENTITY[sdk=iphoneos*]" = "iPhone Developer";
				COPY_PHASE_STRIP = NO;
				DEBUG_INFORMATION_FORMAT = "dwarf-with-dsym";
				ENABLE_NS_ASSERTIONS = NO;
				ENABLE_STRICT_OBJC_MSGSEND = YES;
				GCC_C_LANGUAGE_STANDARD = gnu99;
				GCC_NO_COMMON_BLOCKS = YES;
				GCC_WARN_64_TO_32_BIT_CONVERSION = YES;
				GCC_WARN_ABOUT_RETURN_TYPE = YES_ERROR;
				GCC_WARN_UNDECLARED_SELECTOR = YES;
				GCC_WARN_UNINITIALIZED_AUTOS = YES_AGGRESSIVE;
				GCC_WARN_UNUSED_FUNCTION = YES;
				GCC_WARN_UNUSED_VARIABLE = YES;
				IPHONEOS_DEPLOYMENT_TARGET = 10.2;
				MTL_ENABLE_DEBUG_INFO = NO;
				SDKROOT = iphoneos;
				SWIFT_OPTIMIZATION_LEVEL = "-Owholemodule";
				TARGETED_DEVICE_FAMILY = "1,2";
				VALIDATE_PRODUCT = YES;
			};
			name = Release;
		};
		716CF7761E32699F00352408 /* Debug */ = {
			isa = XCBuildConfiguration;
			buildSettings = {
				ASSETCATALOG_COMPILER_APPICON_NAME = AppIcon;
				DEVELOPMENT_TEAM = AMXYNX22A7;
				INFOPLIST_FILE = CVC/Info.plist;
				IPHONEOS_DEPLOYMENT_TARGET = 10.0;
				LD_RUNPATH_SEARCH_PATHS = "$(inherited) @executable_path/Frameworks";
				PRODUCT_BUNDLE_IDENTIFIER = edu.chintan7.iOS10.Calc;
				PRODUCT_NAME = "$(TARGET_NAME)";
				SWIFT_VERSION = 3.0;
				TARGETED_DEVICE_FAMILY = 2;
			};
			name = Debug;
		};
		716CF7771E32699F00352408 /* Release */ = {
			isa = XCBuildConfiguration;
			buildSettings = {
				ASSETCATALOG_COMPILER_APPICON_NAME = AppIcon;
				DEVELOPMENT_TEAM = AMXYNX22A7;
				INFOPLIST_FILE = CVC/Info.plist;
				IPHONEOS_DEPLOYMENT_TARGET = 10.0;
				LD_RUNPATH_SEARCH_PATHS = "$(inherited) @executable_path/Frameworks";
				PRODUCT_BUNDLE_IDENTIFIER = edu.chintan7.iOS10.Calc;
				PRODUCT_NAME = "$(TARGET_NAME)";
				SWIFT_VERSION = 3.0;
				TARGETED_DEVICE_FAMILY = 2;
			};
			name = Release;
		};
/* End XCBuildConfiguration section */

/* Begin XCConfigurationList section */
		716CF75E1E32699F00352408 /* Build configuration list for PBXProject "CVC" */ = {
			isa = XCConfigurationList;
			buildConfigurations = (
				716CF7731E32699F00352408 /* Debug */,
				716CF7741E32699F00352408 /* Release */,
			);
			defaultConfigurationIsVisible = 0;
			defaultConfigurationName = Release;
		};
		716CF7751E32699F00352408 /* Build configuration list for PBXNativeTarget "CVC" */ = {
			isa = XCConfigurationList;
			buildConfigurations = (
				716CF7761E32699F00352408 /* Debug */,
				716CF7771E32699F00352408 /* Release */,
			);
			defaultConfigurationIsVisible = 0;
			defaultConfigurationName = Release;
		};
/* End XCConfigurationList section */
	};
	rootObject = 716CF75B1E32699F00352408 /* Project object */;
}
